// !$*UTF8*$!
{
	archiveVersion = 1;
	classes = {
	};
	objectVersion = 50;
	objects = {

/* Begin PBXBuildFile section */
		FC38E2B7261EB76A007FB19B /* appListaContactosApp.swift in Sources */ = {isa = PBXBuildFile; fileRef = FC38E2B6261EB76A007FB19B /* appListaContactosApp.swift */; };
		FC38E2B9261EB76A007FB19B /* ContentView.swift in Sources */ = {isa = PBXBuildFile; fileRef = FC38E2B8261EB76A007FB19B /* ContentView.swift */; };
		FC38E2BB261EB76D007FB19B /* Assets.xcassets in Resources */ = {isa = PBXBuildFile; fileRef = FC38E2BA261EB76D007FB19B /* Assets.xcassets */; };
		FC38E2BE261EB76D007FB19B /* Preview Assets.xcassets in Resources */ = {isa = PBXBuildFile; fileRef = FC38E2BD261EB76D007FB19B /* Preview Assets.xcassets */; };
		FC38E2C9261EB853007FB19B /* Contactos.swift in Sources */ = {isa = PBXBuildFile; fileRef = FC38E2C8261EB853007FB19B /* Contactos.swift */; };
		FC38E2CD261EB872007FB19B /* ContactoCelda.swift in Sources */ = {isa = PBXBuildFile; fileRef = FC38E2CC261EB872007FB19B /* ContactoCelda.swift */; };
		FC38E2D0261F4F44007FB19B /* DetailView.swift in Sources */ = {isa = PBXBuildFile; fileRef = FC38E2CF261F4F44007FB19B /* DetailView.swift */; };
/* End PBXBuildFile section */

/* Begin PBXFileReference section */
		FC38E2B3261EB76A007FB19B /* appListaContactos.app */ = {isa = PBXFileReference; explicitFileType = wrapper.application; includeInIndex = 0; path = appListaContactos.app; sourceTree = BUILT_PRODUCTS_DIR; };
		FC38E2B6261EB76A007FB19B /* appListaContactosApp.swift */ = {isa = PBXFileReference; lastKnownFileType = sourcecode.swift; path = appListaContactosApp.swift; sourceTree = "<group>"; };
		FC38E2B8261EB76A007FB19B /* ContentView.swift */ = {isa = PBXFileReference; lastKnownFileType = sourcecode.swift; path = ContentView.swift; sourceTree = "<group>"; };
		FC38E2BA261EB76D007FB19B /* Assets.xcassets */ = {isa = PBXFileReference; lastKnownFileType = folder.assetcatalog; path = Assets.xcassets; sourceTree = "<group>"; };
		FC38E2BD261EB76D007FB19B /* Preview Assets.xcassets */ = {isa = PBXFileReference; lastKnownFileType = folder.assetcatalog; path = "Preview Assets.xcassets"; sourceTree = "<group>"; };
		FC38E2BF261EB76D007FB19B /* Info.plist */ = {isa = PBXFileReference; lastKnownFileType = text.plist.xml; path = Info.plist; sourceTree = "<group>"; };
		FC38E2C8261EB853007FB19B /* Contactos.swift */ = {isa = PBXFileReference; lastKnownFileType = sourcecode.swift; path = Contactos.swift; sourceTree = "<group>"; };
		FC38E2CC261EB872007FB19B /* ContactoCelda.swift */ = {isa = PBXFileReference; lastKnownFileType = sourcecode.swift; path = ContactoCelda.swift; sourceTree = "<group>"; };
		FC38E2CF261F4F44007FB19B /* DetailView.swift */ = {isa = PBXFileReference; lastKnownFileType = sourcecode.swift; path = DetailView.swift; sourceTree = "<group>"; };
/* End PBXFileReference section */

/* Begin PBXFrameworksBuildPhase section */
		FC38E2B0261EB76A007FB19B /* Frameworks */ = {
			isa = PBXFrameworksBuildPhase;
			buildActionMask = 2147483647;
			files = (
			);
			runOnlyForDeploymentPostprocessing = 0;
		};
/* End PBXFrameworksBuildPhase section */

/* Begin PBXGroup section */
		FC38E2AA261EB76A007FB19B = {
			isa = PBXGroup;
			children = (
				FC38E2B5261EB76A007FB19B /* appListaContactos */,
				FC38E2B4261EB76A007FB19B /* Products */,
			);
			sourceTree = "<group>";
		};
		FC38E2B4261EB76A007FB19B /* Products */ = {
			isa = PBXGroup;
			children = (
				FC38E2B3261EB76A007FB19B /* appListaContactos.app */,
			);
			name = Products;
			sourceTree = "<group>";
		};
		FC38E2B5261EB76A007FB19B /* appListaContactos */ = {
			isa = PBXGroup;
			children = (
				FC38E2C7261EB7F5007FB19B /* Componentes */,
				FC38E2C6261EB7E9007FB19B /* Modelos */,
				FC38E2B6261EB76A007FB19B /* appListaContactosApp.swift */,
				FC38E2B8261EB76A007FB19B /* ContentView.swift */,
				FC38E2CF261F4F44007FB19B /* DetailView.swift */,
				FC38E2BA261EB76D007FB19B /* Assets.xcassets */,
				FC38E2BF261EB76D007FB19B /* Info.plist */,
				FC38E2BC261EB76D007FB19B /* Preview Content */,
			);
			path = appListaContactos;
			sourceTree = "<group>";
		};
		FC38E2BC261EB76D007FB19B /* Preview Content */ = {
			isa = PBXGroup;
			children = (
				FC38E2BD261EB76D007FB19B /* Preview Assets.xcassets */,
			);
			path = "Preview Content";
			sourceTree = "<group>";
		};
		FC38E2C6261EB7E9007FB19B /* Modelos */ = {
			isa = PBXGroup;
			children = (
				FC38E2C8261EB853007FB19B /* Contactos.swift */,
			);
			name = Modelos;
			sourceTree = "<group>";
		};
		FC38E2C7261EB7F5007FB19B /* Componentes */ = {
			isa = PBXGroup;
			children = (
				FC38E2CC261EB872007FB19B /* ContactoCelda.swift */,
			);
			name = Componentes;
			sourceTree = "<group>";
		};
/* End PBXGroup section */

/* Begin PBXNativeTarget section */
		FC38E2B2261EB76A007FB19B /* appListaContactos */ = {
			isa = PBXNativeTarget;
			buildConfigurationList = FC38E2C2261EB76D007FB19B /* Build configuration list for PBXNativeTarget "appListaContactos" */;
			buildPhases = (
				FC38E2AF261EB76A007FB19B /* Sources */,
				FC38E2B0261EB76A007FB19B /* Frameworks */,
				FC38E2B1261EB76A007FB19B /* Resources */,
			);
			buildRules = (
			);
			dependencies = (
			);
			name = appListaContactos;
			productName = appListaContactos;
			productReference = FC38E2B3261EB76A007FB19B /* appListaContactos.app */;
			productType = "com.apple.product-type.application";
		};
/* End PBXNativeTarget section */

/* Begin PBXProject section */
		FC38E2AB261EB76A007FB19B /* Project object */ = {
			isa = PBXProject;
			attributes = {
				LastSwiftUpdateCheck = 1240;
				LastUpgradeCheck = 1240;
				TargetAttributes = {
					FC38E2B2261EB76A007FB19B = {
						CreatedOnToolsVersion = 12.4;
					};
				};
			};
			buildConfigurationList = FC38E2AE261EB76A007FB19B /* Build configuration list for PBXProject "appListaContactos" */;
			compatibilityVersion = "Xcode 9.3";
			developmentRegion = en;
			hasScannedForEncodings = 0;
			knownRegions = (
				en,
				Base,
			);
			mainGroup = FC38E2AA261EB76A007FB19B;
			productRefGroup = FC38E2B4261EB76A007FB19B /* Products */;
			projectDirPath = "";
			projectRoot = "";
			targets = (
				FC38E2B2261EB76A007FB19B /* appListaContactos */,
			);
		};
/* End PBXProject section */

/* Begin PBXResourcesBuildPhase section */
		FC38E2B1261EB76A007FB19B /* Resources */ = {
			isa = PBXResourcesBuildPhase;
			buildActionMask = 2147483647;
			files = (
				FC38E2BE261EB76D007FB19B /* Preview Assets.xcassets in Resources */,
				FC38E2BB261EB76D007FB19B /* Assets.xcassets in Resources */,
			);
			runOnlyForDeploymentPostprocessing = 0;
		};
/* End PBXResourcesBuildPhase section */

/* Begin PBXSourcesBuildPhase section */
		FC38E2AF261EB76A007FB19B /* Sources */ = {
			isa = PBXSourcesBuildPhase;
			buildActionMask = 2147483647;
			files = (
				FC38E2C9261EB853007FB19B /* Contactos.swift in Sources */,
				FC38E2B9261EB76A007FB19B /* ContentView.swift in Sources */,
				FC38E2CD261EB872007FB19B /* ContactoCelda.swift in Sources */,
				FC38E2D0261F4F44007FB19B /* DetailView.swift in Sources */,
				FC38E2B7261EB76A007FB19B /* appListaContactosApp.swift in Sources */,
			);
			runOnlyForDeploymentPostprocessing = 0;
		};
/* End PBXSourcesBuildPhase section */

/* Begin XCBuildConfiguration section */
		FC38E2C0261EB76D007FB19B /* Debug */ = {
			isa = XCBuildConfiguration;
			buildSettings = {
				ALWAYS_SEARCH_USER_PATHS = NO;
				CLANG_ANALYZER_NONNULL = YES;
				CLANG_ANALYZER_NUMBER_OBJECT_CONVERSION = YES_AGGRESSIVE;
				CLANG_CXX_LANGUAGE_STANDARD = "gnu++14";
				CLANG_CXX_LIBRARY = "libc++";
				CLANG_ENABLE_MODULES = YES;
				CLANG_ENABLE_OBJC_ARC = YES;
				CLANG_ENABLE_OBJC_WEAK = YES;
				CLANG_WARN_BLOCK_CAPTURE_AUTORELEASING = YES;
				CLANG_WARN_BOOL_CONVERSION = YES;
				CLANG_WARN_COMMA = YES;
				CLANG_WARN_CONSTANT_CONVERSION = YES;
				CLANG_WARN_DEPRECATED_OBJC_IMPLEMENTATIONS = YES;
				CLANG_WARN_DIRECT_OBJC_ISA_USAGE = YES_ERROR;
				CLANG_WARN_DOCUMENTATION_COMMENTS = YES;
				CLANG_WARN_EMPTY_BODY = YES;
				CLANG_WARN_ENUM_CONVERSION = YES;
				CLANG_WARN_INFINITE_RECURSION = YES;
				CLANG_WARN_INT_CONVERSION = YES;
				CLANG_WARN_NON_LITERAL_NULL_CONVERSION = YES;
				CLANG_WARN_OBJC_IMPLICIT_RETAIN_SELF = YES;
				CLANG_WARN_OBJC_LITERAL_CONVERSION = YES;
				CLANG_WARN_OBJC_ROOT_CLASS = YES_ERROR;
				CLANG_WARN_QUOTED_INCLUDE_IN_FRAMEWORK_HEADER = YES;
				CLANG_WARN_RANGE_LOOP_ANALYSIS = YES;
				CLANG_WARN_STRICT_PROTOTYPES = YES;
				CLANG_WARN_SUSPICIOUS_MOVE = YES;
				CLANG_WARN_UNGUARDED_AVAILABILITY = YES_AGGRESSIVE;
				CLANG_WARN_UNREACHABLE_CODE = YES;
				CLANG_WARN__DUPLICATE_METHOD_MATCH = YES;
				COPY_PHASE_STRIP = NO;
				DEBUG_INFORMATION_FORMAT = dwarf;
				ENABLE_STRICT_OBJC_MSGSEND = YES;
				ENABLE_TESTABILITY = YES;
				GCC_C_LANGUAGE_STANDARD = gnu11;
				GCC_DYNAMIC_NO_PIC = NO;
				GCC_NO_COMMON_BLOCKS = YES;
				GCC_OPTIMIZATION_LEVEL = 0;
				GCC_PREPROCESSOR_DEFINITIONS = (
					"DEBUG=1",
					"$(inherited)",
				);
				GCC_WARN_64_TO_32_BIT_CONVERSION = YES;
				GCC_WARN_ABOUT_RETURN_TYPE = YES_ERROR;
				GCC_WARN_UNDECLARED_SELECTOR = YES;
				GCC_WARN_UNINITIALIZED_AUTOS = YES_AGGRESSIVE;
				GCC_WARN_UNUSED_FUNCTION = YES;
				GCC_WARN_UNUSED_VARIABLE = YES;
				IPHONEOS_DEPLOYMENT_TARGET = 14.4;
				MTL_ENABLE_DEBUG_INFO = INCLUDE_SOURCE;
				MTL_FAST_MATH = YES;
				ONLY_ACTIVE_ARCH = YES;
				SDKROOT = iphoneos;
				SWIFT_ACTIVE_COMPILATION_CONDITIONS = DEBUG;
				SWIFT_OPTIMIZATION_LEVEL = "-Onone";
			};
			name = Debug;
		};
		FC38E2C1261EB76D007FB19B /* Release */ = {
			isa = XCBuildConfiguration;
			buildSettings = {
				ALWAYS_SEARCH_USER_PATHS = NO;
				CLANG_ANALYZER_NONNULL = YES;
				CLANG_ANALYZER_NUMBER_OBJECT_CONVERSION = YES_AGGRESSIVE;
				CLANG_CXX_LANGUAGE_STANDARD = "gnu++14";
				CLANG_CXX_LIBRARY = "libc++";
				CLANG_ENABLE_MODULES = YES;
				CLANG_ENABLE_OBJC_ARC = YES;
				CLANG_ENABLE_OBJC_WEAK = YES;
				CLANG_WARN_BLOCK_CAPTURE_AUTORELEASING = YES;
				CLANG_WARN_BOOL_CONVERSION = YES;
				CLANG_WARN_COMMA = YES;
				CLANG_WARN_CONSTANT_CONVERSION = YES;
				CLANG_WARN_DEPRECATED_OBJC_IMPLEMENTATIONS = YES;
				CLANG_WARN_DIRECT_OBJC_ISA_USAGE = YES_ERROR;
				CLANG_WARN_DOCUMENTATION_COMMENTS = YES;
				CLANG_WARN_EMPTY_BODY = YES;
				CLANG_WARN_ENUM_CONVERSION = YES;
				CLANG_WARN_INFINITE_RECURSION = YES;
				CLANG_WARN_INT_CONVERSION = YES;
				CLANG_WARN_NON_LITERAL_NULL_CONVERSION = YES;
				CLANG_WARN_OBJC_IMPLICIT_RETAIN_SELF = YES;
				CLANG_WARN_OBJC_LITERAL_CONVERSION = YES;
				CLANG_WARN_OBJC_ROOT_CLASS = YES_ERROR;
				CLANG_WARN_QUOTED_INCLUDE_IN_FRAMEWORK_HEADER = YES;
				CLANG_WARN_RANGE_LOOP_ANALYSIS = YES;
				CLANG_WARN_STRICT_PROTOTYPES = YES;
				CLANG_WARN_SUSPICIOUS_MOVE = YES;
				CLANG_WARN_UNGUARDED_AVAILABILITY = YES_AGGRESSIVE;
				CLANG_WARN_UNREACHABLE_CODE = YES;
				CLANG_WARN__DUPLICATE_METHOD_MATCH = YES;
				COPY_PHASE_STRIP = NO;
				DEBUG_INFORMATION_FORMAT = "dwarf-with-dsym";
				ENABLE_NS_ASSERTIONS = NO;
				ENABLE_STRICT_OBJC_MSGSEND = YES;
				GCC_C_LANGUAGE_STANDARD = gnu11;
				GCC_NO_COMMON_BLOCKS = YES;
				GCC_WARN_64_TO_32_BIT_CONVERSION = YES;
				GCC_WARN_ABOUT_RETURN_TYPE = YES_ERROR;
				GCC_WARN_UNDECLARED_SELECTOR = YES;
				GCC_WARN_UNINITIALIZED_AUTOS = YES_AGGRESSIVE;
				GCC_WARN_UNUSED_FUNCTION = YES;
				GCC_WARN_UNUSED_VARIABLE = YES;
				IPHONEOS_DEPLOYMENT_TARGET = 14.4;
				MTL_ENABLE_DEBUG_INFO = NO;
				MTL_FAST_MATH = YES;
				SDKROOT = iphoneos;
				SWIFT_COMPILATION_MODE = wholemodule;
				SWIFT_OPTIMIZATION_LEVEL = "-O";
				VALIDATE_PRODUCT = YES;
			};
			name = Release;
		};
		FC38E2C3261EB76D007FB19B /* Debug */ = {
			isa = XCBuildConfiguration;
			buildSettings = {
				ASSETCATALOG_COMPILER_APPICON_NAME = AppIcon;
				ASSETCATALOG_COMPILER_GLOBAL_ACCENT_COLOR_NAME = AccentColor;
				CODE_SIGN_STYLE = Automatic;
				DEVELOPMENT_ASSET_PATHS = "\"appListaContactos/Preview Content\"";
				DEVELOPMENT_TEAM = A9YS5YC86D;
				ENABLE_PREVIEWS = YES;
				INFOPLIST_FILE = appListaContactos/Info.plist;
				IPHONEOS_DEPLOYMENT_TARGET = 14.0;
				LD_RUNPATH_SEARCH_PATHS = (
					"$(inherited)",
					"@executable_path/Frameworks",
				);
				PRODUCT_BUNDLE_IDENTIFIER = com.mx.felipe.appListaContactos;
				PRODUCT_NAME = "$(TARGET_NAME)";
				SWIFT_VERSION = 5.0;
				TARGETED_DEVICE_FAMILY = "1,2";
			};
			name = Debug;
		};
		FC38E2C4261EB76D007FB19B /* Release */ = {
			isa = XCBuildConfiguration;
			buildSettings = {
				ASSETCATALOG_COMPILER_APPICON_NAME = AppIcon;
				ASSETCATALOG_COMPILER_GLOBAL_ACCENT_COLOR_NAME = AccentColor;
				CODE_SIGN_STYLE = Automatic;
				DEVELOPMENT_ASSET_PATHS = "\"appListaContactos/Preview Content\"";
				DEVELOPMENT_TEAM = A9YS5YC86D;
				ENABLE_PREVIEWS = YES;
				INFOPLIST_FILE = appListaContactos/Info.plist;
				IPHONEOS_DEPLOYMENT_TARGET = 14.0;
				LD_RUNPATH_SEARCH_PATHS = (
					"$(inherited)",
					"@executable_path/Frameworks",
				);
				PRODUCT_BUNDLE_IDENTIFIER = com.mx.felipe.appListaContactos;
				PRODUCT_NAME = "$(TARGET_NAME)";
				SWIFT_VERSION = 5.0;
				TARGETED_DEVICE_FAMILY = "1,2";
			};
			name = Release;
		};
/* End XCBuildConfiguration section */

/* Begin XCConfigurationList section */
		FC38E2AE261EB76A007FB19B /* Build configuration list for PBXProject "appListaContactos" */ = {
			isa = XCConfigurationList;
			buildConfigurations = (
				FC38E2C0261EB76D007FB19B /* Debug */,
				FC38E2C1261EB76D007FB19B /* Release */,
			);
			defaultConfigurationIsVisible = 0;
			defaultConfigurationName = Release;
		};
		FC38E2C2261EB76D007FB19B /* Build configuration list for PBXNativeTarget "appListaContactos" */ = {
			isa = XCConfigurationList;
			buildConfigurations = (
				FC38E2C3261EB76D007FB19B /* Debug */,
				FC38E2C4261EB76D007FB19B /* Release */,
			);
			defaultConfigurationIsVisible = 0;
			defaultConfigurationName = Release;
		};
/* End XCConfigurationList section */
	};
	rootObject = FC38E2AB261EB76A007FB19B /* Project object */;
}
